
Microsoft Visual Studio Solution File, Format Version 12.00
# Visual Studio Version 17
VisualStudioVersion = 17.13.35825.156 d17.13
MinimumVisualStudioVersion = 10.0.40219.1
Project("{FAE04EC0-301F-11D3-BF4B-00C04F79EFBC}") = "Matrix2dLib", "Matrix.2dLib\Matrix2dLib.csproj", "{AFA26C89-992F-45A0-8533-FBF952099796}"
EndProject
Project("{FAE04EC0-301F-11D3-BF4B-00C04F79EFBC}") = "Martrix2dTest", "Martrix.2dTest\Martrix2dTest.csproj", "{C7EBC85F-3485-4F52-90F9-EEC237FC47C2}"
EndProject
Project("{FAE04EC0-301F-11D3-BF4B-00C04F79EFBC}") = "Matrix2dConsoleApp", "Matrix.2dConsoleApp\Matrix2dConsoleApp.csproj", "{355766A1-F35C-4992-89E4-550AAE96CC33}"
EndProject
Global
	GlobalSection(SolutionConfigurationPlatforms) = preSolution
		Debug|Any CPU = Debug|Any CPU
		Release|Any CPU = Release|Any CPU
	EndGlobalSection
	GlobalSection(ProjectConfigurationPlatforms) = postSolution
		{AFA26C89-992F-45A0-8533-FBF952099796}.Debug|Any CPU.ActiveCfg = Debug|Any CPU
		{AFA26C89-992F-45A0-8533-FBF952099796}.Debug|Any CPU.Build.0 = Debug|Any CPU
		{AFA26C89-992F-45A0-8533-FBF952099796}.Release|Any CPU.ActiveCfg = Release|Any CPU
		{AFA26C89-992F-45A0-8533-FBF952099796}.Release|Any CPU.Build.0 = Release|Any CPU
		{C7EBC85F-3485-4F52-90F9-EEC237FC47C2}.Debug|Any CPU.ActiveCfg = Debug|Any CPU
		{C7EBC85F-3485-4F52-90F9-EEC237FC47C2}.Debug|Any CPU.Build.0 = Debug|Any CPU
		{C7EBC85F-3485-4F52-90F9-EEC237FC47C2}.Release|Any CPU.ActiveCfg = Release|Any CPU
		{C7EBC85F-3485-4F52-90F9-EEC237FC47C2}.Release|Any CPU.Build.0 = Release|Any CPU
		{355766A1-F35C-4992-89E4-550AAE96CC33}.Debug|Any CPU.ActiveCfg = Debug|Any CPU
		{355766A1-F35C-4992-89E4-550AAE96CC33}.Debug|Any CPU.Build.0 = Debug|Any CPU
		{355766A1-F35C-4992-89E4-550AAE96CC33}.Release|Any CPU.ActiveCfg = Release|Any CPU
		{355766A1-F35C-4992-89E4-550AAE96CC33}.Release|Any CPU.Build.0 = Release|Any CPU
	EndGlobalSection
	GlobalSection(SolutionProperties) = preSolution
		HideSolutionNode = FALSE
	EndGlobalSection
	GlobalSection(ExtensibilityGlobals) = postSolution
		SolutionGuid = {F34A2A0F-E26B-4CE0-9C2D-2786DCF6BEA6}
	EndGlobalSection
EndGlobal
